
Microsoft Visual Studio Solution File, Format Version 12.00
# Visual Studio Version 16
VisualStudioVersion = 16.0.29230.61
MinimumVisualStudioVersion = 10.0.40219.1
Project("{FAE04EC0-301F-11D3-BF4B-00C04F79EFBC}") = "Othello.Core", "Othello.Core\Othello.Core.csproj", "{0BD69B1F-7791-490A-9E57-13110A917E62}"
EndProject
Global
	GlobalSection(SolutionConfigurationPlatforms) = preSolution
		Debug|Any CPU = Debug|Any CPU
		Release|Any CPU = Release|Any CPU
	EndGlobalSection
	GlobalSection(ProjectConfigurationPlatforms) = postSolution
		{0BD69B1F-7791-490A-9E57-13110A917E62}.Debug|Any CPU.ActiveCfg = Debug|Any CPU
		{0BD69B1F-7791-490A-9E57-13110A917E62}.Debug|Any CPU.Build.0 = Debug|Any CPU
		{0BD69B1F-7791-490A-9E57-13110A917E62}.Release|Any CPU.ActiveCfg = Release|Any CPU
		{0BD69B1F-7791-490A-9E57-13110A917E62}.Release|Any CPU.Build.0 = Release|Any CPU
	EndGlobalSection
	GlobalSection(SolutionProperties) = preSolution
		HideSolutionNode = FALSE
	EndGlobalSection
	GlobalSection(ExtensibilityGlobals) = postSolution
		SolutionGuid = {F397C54A-4CE0-4580-8410-E6702E1C41E8}
	EndGlobalSection
EndGlobal
